
Microsoft Visual Studio Solution File, Format Version 12.00
# Visual Studio Version 17
VisualStudioVersion = 17.1.32414.318
MinimumVisualStudioVersion = 10.0.40219.1
Project("{FAE04EC0-301F-11D3-BF4B-00C04F79EFBC}") = "SimpleNeurotuner", "SimpleNeurotuner\SimpleNeurotuner.csproj", "{ACD62AC5-2516-42ED-8209-73B716432192}"
EndProject
Project("{FAE04EC0-301F-11D3-BF4B-00C04F79EFBC}") = "SoundAnalysis", "SoundAnalysis\SoundAnalysis.csproj", "{ABA54DC3-324B-49DE-B79E-C4F573306E4F}"
EndProject
Project("{54435603-DBB4-11D2-8724-00A0C9A8B90C}") = "Update Neurotuner v.2.02 Setup", "Update Neurotuner v.2.02 Setup\Update Neurotuner v.2.02 Setup.vdproj", "{AF01C4F4-9FCE-4C54-B266-1A9A528EEB5B}"
EndProject
Project("{54435603-DBB4-11D2-8724-00A0C9A8B90C}") = "Update Neurotuner v.2.02.1", "Update Neurotuner v.2.02.1\Update Neurotuner v.2.02.1.vdproj", "{DD433FFF-3796-4BDF-A006-DACA31E1D44F}"
EndProject
Project("{54435603-DBB4-11D2-8724-00A0C9A8B90C}") = "Update Neurotuner v.2.02.2 Setup", "Update Neurotuner v.2.02.2 Setup\Update Neurotuner v.2.02.2 Setup.vdproj", "{776910EC-126A-4B40-BDD5-479DF6D00CF5}"
EndProject
Global
	GlobalSection(SolutionConfigurationPlatforms) = preSolution
		Debug|Any CPU = Debug|Any CPU
		Debug|x64 = Debug|x64
		Release|Any CPU = Release|Any CPU
		Release|x64 = Release|x64
	EndGlobalSection
	GlobalSection(ProjectConfigurationPlatforms) = postSolution
		{ACD62AC5-2516-42ED-8209-73B716432192}.Debug|Any CPU.ActiveCfg = Debug|Any CPU
		{ACD62AC5-2516-42ED-8209-73B716432192}.Debug|Any CPU.Build.0 = Debug|Any CPU
		{ACD62AC5-2516-42ED-8209-73B716432192}.Debug|x64.ActiveCfg = Debug|x64
		{ACD62AC5-2516-42ED-8209-73B716432192}.Debug|x64.Build.0 = Debug|x64
		{ACD62AC5-2516-42ED-8209-73B716432192}.Release|Any CPU.ActiveCfg = Release|Any CPU
		{ACD62AC5-2516-42ED-8209-73B716432192}.Release|Any CPU.Build.0 = Release|Any CPU
		{ACD62AC5-2516-42ED-8209-73B716432192}.Release|x64.ActiveCfg = Release|x64
		{ACD62AC5-2516-42ED-8209-73B716432192}.Release|x64.Build.0 = Release|x64
		{ABA54DC3-324B-49DE-B79E-C4F573306E4F}.Debug|Any CPU.ActiveCfg = Debug|Any CPU
		{ABA54DC3-324B-49DE-B79E-C4F573306E4F}.Debug|Any CPU.Build.0 = Debug|Any CPU
		{ABA54DC3-324B-49DE-B79E-C4F573306E4F}.Debug|x64.ActiveCfg = Debug|x64
		{ABA54DC3-324B-49DE-B79E-C4F573306E4F}.Debug|x64.Build.0 = Debug|x64
		{ABA54DC3-324B-49DE-B79E-C4F573306E4F}.Release|Any CPU.ActiveCfg = Release|Any CPU
		{ABA54DC3-324B-49DE-B79E-C4F573306E4F}.Release|Any CPU.Build.0 = Release|Any CPU
		{ABA54DC3-324B-49DE-B79E-C4F573306E4F}.Release|x64.ActiveCfg = Release|x64
		{ABA54DC3-324B-49DE-B79E-C4F573306E4F}.Release|x64.Build.0 = Release|x64
		{AF01C4F4-9FCE-4C54-B266-1A9A528EEB5B}.Debug|Any CPU.ActiveCfg = Debug
		{AF01C4F4-9FCE-4C54-B266-1A9A528EEB5B}.Debug|x64.ActiveCfg = Debug
		{AF01C4F4-9FCE-4C54-B266-1A9A528EEB5B}.Release|Any CPU.ActiveCfg = Release
		{AF01C4F4-9FCE-4C54-B266-1A9A528EEB5B}.Release|x64.ActiveCfg = Release
		{DD433FFF-3796-4BDF-A006-DACA31E1D44F}.Debug|Any CPU.ActiveCfg = Debug
		{DD433FFF-3796-4BDF-A006-DACA31E1D44F}.Debug|x64.ActiveCfg = Debug
		{DD433FFF-3796-4BDF-A006-DACA31E1D44F}.Release|Any CPU.ActiveCfg = Release
		{DD433FFF-3796-4BDF-A006-DACA31E1D44F}.Release|x64.ActiveCfg = Release
		{776910EC-126A-4B40-BDD5-479DF6D00CF5}.Debug|Any CPU.ActiveCfg = Debug
		{776910EC-126A-4B40-BDD5-479DF6D00CF5}.Debug|x64.ActiveCfg = Debug
		{776910EC-126A-4B40-BDD5-479DF6D00CF5}.Release|Any CPU.ActiveCfg = Release
		{776910EC-126A-4B40-BDD5-479DF6D00CF5}.Release|x64.ActiveCfg = Release
	EndGlobalSection
	GlobalSection(SolutionProperties) = preSolution
		HideSolutionNode = FALSE
	EndGlobalSection
	GlobalSection(ExtensibilityGlobals) = postSolution
		SolutionGuid = {B0C42328-28BE-49F9-BAD8-EB53F6576704}
	EndGlobalSection
EndGlobal
