
Microsoft Visual Studio Solution File, Format Version 12.00
# Visual Studio Version 17
VisualStudioVersion = 17.1.32414.318
MinimumVisualStudioVersion = 10.0.40219.1
Project("{FAE04EC0-301F-11D3-BF4B-00C04F79EFBC}") = "SimpleNeurotuner", "SimpleNeurotuner\SimpleNeurotuner.csproj", "{ACD62AC5-2516-42ED-8209-73B716432192}"
EndProject
Project("{FAE04EC0-301F-11D3-BF4B-00C04F79EFBC}") = "SoundAnalysis", "SoundAnalysis\SoundAnalysis.csproj", "{ABA54DC3-324B-49DE-B79E-C4F573306E4F}"
EndProject
Project("{54435603-DBB4-11D2-8724-00A0C9A8B90C}") = "Neurotuner NFT Setup", "Neurotuner NFT Setup\Neurotuner NFT Setup.vdproj", "{1A6CC5D8-8838-42AF-B74B-0B857EDA0E5E}"
EndProject
Project("{54435603-DBB4-11D2-8724-00A0C9A8B90C}") = "Neurotuner NFT Setup 1.1", "Neurotuner NFT Setup 1.1\Neurotuner NFT Setup 1.1.vdproj", "{DED27563-A92A-41D5-8614-9EB10874F465}"
EndProject
Project("{54435603-DBB4-11D2-8724-00A0C9A8B90C}") = "Neurotuner NFT 1.2.1 Setup", "Neurotuner NFT 1.2.1 Setup\Neurotuner NFT 1.2.1 Setup.vdproj", "{83421AE4-D50A-42BD-802B-9BBD09923BB9}"
EndProject
Project("{54435603-DBB4-11D2-8724-00A0C9A8B90C}") = "Neurotuner NFT 1.2.2 Setup", "Neurotuner NFT 1.2.2 Setup\Neurotuner NFT 1.2.2 Setup.vdproj", "{B9BD8198-1BBA-42CB-8472-ECECDB8252C4}"
EndProject
Project("{54435603-DBB4-11D2-8724-00A0C9A8B90C}") = "Neurotuner NFT 1.2.3 Setup", "Neurotuner NFT 1.2.3 Setup\Neurotuner NFT 1.2.3 Setup.vdproj", "{9DE3FED1-8C8A-4A51-8AE0-AEDE7DE10DA8}"
EndProject
Global
	GlobalSection(SolutionConfigurationPlatforms) = preSolution
		Debug|Any CPU = Debug|Any CPU
		Release|Any CPU = Release|Any CPU
	EndGlobalSection
	GlobalSection(ProjectConfigurationPlatforms) = postSolution
		{ACD62AC5-2516-42ED-8209-73B716432192}.Debug|Any CPU.ActiveCfg = Debug|Any CPU
		{ACD62AC5-2516-42ED-8209-73B716432192}.Debug|Any CPU.Build.0 = Debug|Any CPU
		{ACD62AC5-2516-42ED-8209-73B716432192}.Release|Any CPU.ActiveCfg = Release|Any CPU
		{ACD62AC5-2516-42ED-8209-73B716432192}.Release|Any CPU.Build.0 = Release|Any CPU
		{ABA54DC3-324B-49DE-B79E-C4F573306E4F}.Debug|Any CPU.ActiveCfg = Debug|Any CPU
		{ABA54DC3-324B-49DE-B79E-C4F573306E4F}.Debug|Any CPU.Build.0 = Debug|Any CPU
		{ABA54DC3-324B-49DE-B79E-C4F573306E4F}.Release|Any CPU.ActiveCfg = Release|Any CPU
		{ABA54DC3-324B-49DE-B79E-C4F573306E4F}.Release|Any CPU.Build.0 = Release|Any CPU
		{1A6CC5D8-8838-42AF-B74B-0B857EDA0E5E}.Debug|Any CPU.ActiveCfg = Debug
		{1A6CC5D8-8838-42AF-B74B-0B857EDA0E5E}.Release|Any CPU.ActiveCfg = Release
		{DED27563-A92A-41D5-8614-9EB10874F465}.Debug|Any CPU.ActiveCfg = Debug
		{DED27563-A92A-41D5-8614-9EB10874F465}.Release|Any CPU.ActiveCfg = Release
		{83421AE4-D50A-42BD-802B-9BBD09923BB9}.Debug|Any CPU.ActiveCfg = Debug
		{83421AE4-D50A-42BD-802B-9BBD09923BB9}.Release|Any CPU.ActiveCfg = Release
		{B9BD8198-1BBA-42CB-8472-ECECDB8252C4}.Debug|Any CPU.ActiveCfg = Debug
		{B9BD8198-1BBA-42CB-8472-ECECDB8252C4}.Release|Any CPU.ActiveCfg = Release
		{9DE3FED1-8C8A-4A51-8AE0-AEDE7DE10DA8}.Debug|Any CPU.ActiveCfg = Debug
		{9DE3FED1-8C8A-4A51-8AE0-AEDE7DE10DA8}.Release|Any CPU.ActiveCfg = Release
	EndGlobalSection
	GlobalSection(SolutionProperties) = preSolution
		HideSolutionNode = FALSE
	EndGlobalSection
	GlobalSection(ExtensibilityGlobals) = postSolution
		SolutionGuid = {B0C42328-28BE-49F9-BAD8-EB53F6576704}
	EndGlobalSection
EndGlobal
